
Microsoft Visual Studio Solution File, Format Version 12.00
# Visual Studio Version 17
VisualStudioVersion = 17.13.35818.85 d17.13
MinimumVisualStudioVersion = 10.0.40219.1
Project("{FAE04EC0-301F-11D3-BF4B-00C04F79EFBC}") = "WebCRUDMVCSQL", "WebCRUDMVCSQL.csproj", "{3BA24ECD-2611-406B-BC7B-036F0074C2C4}"
EndProject
Global
	GlobalSection(SolutionConfigurationPlatforms) = preSolution
		Debug|Any CPU = Debug|Any CPU
		Release|Any CPU = Release|Any CPU
	EndGlobalSection
	GlobalSection(ProjectConfigurationPlatforms) = postSolution
		{3BA24ECD-2611-406B-BC7B-036F0074C2C4}.Debug|Any CPU.ActiveCfg = Debug|Any CPU
		{3BA24ECD-2611-406B-BC7B-036F0074C2C4}.Debug|Any CPU.Build.0 = Debug|Any CPU
		{3BA24ECD-2611-406B-BC7B-036F0074C2C4}.Release|Any CPU.ActiveCfg = Release|Any CPU
		{3BA24ECD-2611-406B-BC7B-036F0074C2C4}.Release|Any CPU.Build.0 = Release|Any CPU
	EndGlobalSection
	GlobalSection(SolutionProperties) = preSolution
		HideSolutionNode = FALSE
	EndGlobalSection
	GlobalSection(ExtensibilityGlobals) = postSolution
		SolutionGuid = {DC262895-DB5D-4F41-AB6C-B37EE87EA70B}
	EndGlobalSection
EndGlobal
